
Microsoft Visual Studio Solution File, Format Version 12.00
# Visual Studio Version 16
VisualStudioVersion = 16.0.31112.23
MinimumVisualStudioVersion = 10.0.40219.1
Project("{FAE04EC0-301F-11D3-BF4B-00C04F79EFBC}") = "TweetApp", "TweetApp\TweetApp.csproj", "{524E54E5-3A6C-4088-87D1-E9144377BAEE}"
EndProject
Global
	GlobalSection(SolutionConfigurationPlatforms) = preSolution
		Debug|Any CPU = Debug|Any CPU
		Release|Any CPU = Release|Any CPU
	EndGlobalSection
	GlobalSection(ProjectConfigurationPlatforms) = postSolution
		{524E54E5-3A6C-4088-87D1-E9144377BAEE}.Debug|Any CPU.ActiveCfg = Debug|Any CPU
		{524E54E5-3A6C-4088-87D1-E9144377BAEE}.Debug|Any CPU.Build.0 = Debug|Any CPU
		{524E54E5-3A6C-4088-87D1-E9144377BAEE}.Release|Any CPU.ActiveCfg = Release|Any CPU
		{524E54E5-3A6C-4088-87D1-E9144377BAEE}.Release|Any CPU.Build.0 = Release|Any CPU
	EndGlobalSection
	GlobalSection(SolutionProperties) = preSolution
		HideSolutionNode = FALSE
	EndGlobalSection
	GlobalSection(ExtensibilityGlobals) = postSolution
		SolutionGuid = {C7DA40C0-29B4-4645-975C-C45C3591D377}
	EndGlobalSection
EndGlobal
